
Microsoft Visual Studio Solution File, Format Version 12.00
# Visual Studio Version 17
VisualStudioVersion = 17.14.36121.58
MinimumVisualStudioVersion = 10.0.40219.1
Project("{FAE04EC0-301F-11D3-BF4B-00C04F79EFBC}") = "IncidentService", "IncidentService\IncidentService.csproj", "{59F18903-A44F-410F-85A9-BF14BCDA563F}"
EndProject
Project("{FAE04EC0-301F-11D3-BF4B-00C04F79EFBC}") = "ApiGateway", "ApiGateway\ApiGateway.csproj", "{ABE66B30-BD47-A7B2-B17B-5BA67959B026}"
EndProject
Project("{FAE04EC0-301F-11D3-BF4B-00C04F79EFBC}") = "ModerationService", "ModerationService\ModerationService.csproj", "{50DDF332-F318-4BB6-B168-09FF604D0A7C}"
EndProject
Project("{FAE04EC0-301F-11D3-BF4B-00C04F79EFBC}") = "IncidentFrontend", "IncidentFrontend\IncidentFrontend.csproj", "{5C5C7A2D-0F2D-4AB3-8BC8-D62216AE4C53}"
EndProject
Global
	GlobalSection(SolutionConfigurationPlatforms) = preSolution
		Debug|Any CPU = Debug|Any CPU
		Release|Any CPU = Release|Any CPU
	EndGlobalSection
	GlobalSection(ProjectConfigurationPlatforms) = postSolution
		{59F18903-A44F-410F-85A9-BF14BCDA563F}.Debug|Any CPU.ActiveCfg = Debug|Any CPU
		{59F18903-A44F-410F-85A9-BF14BCDA563F}.Debug|Any CPU.Build.0 = Debug|Any CPU
		{59F18903-A44F-410F-85A9-BF14BCDA563F}.Release|Any CPU.ActiveCfg = Release|Any CPU
		{59F18903-A44F-410F-85A9-BF14BCDA563F}.Release|Any CPU.Build.0 = Release|Any CPU
		{ABE66B30-BD47-A7B2-B17B-5BA67959B026}.Debug|Any CPU.ActiveCfg = Debug|Any CPU
		{ABE66B30-BD47-A7B2-B17B-5BA67959B026}.Debug|Any CPU.Build.0 = Debug|Any CPU
		{ABE66B30-BD47-A7B2-B17B-5BA67959B026}.Release|Any CPU.ActiveCfg = Release|Any CPU
		{ABE66B30-BD47-A7B2-B17B-5BA67959B026}.Release|Any CPU.Build.0 = Release|Any CPU
		{50DDF332-F318-4BB6-B168-09FF604D0A7C}.Debug|Any CPU.ActiveCfg = Debug|Any CPU
		{50DDF332-F318-4BB6-B168-09FF604D0A7C}.Debug|Any CPU.Build.0 = Debug|Any CPU
		{50DDF332-F318-4BB6-B168-09FF604D0A7C}.Release|Any CPU.ActiveCfg = Release|Any CPU
		{50DDF332-F318-4BB6-B168-09FF604D0A7C}.Release|Any CPU.Build.0 = Release|Any CPU
		{5C5C7A2D-0F2D-4AB3-8BC8-D62216AE4C53}.Debug|Any CPU.ActiveCfg = Debug|Any CPU
		{5C5C7A2D-0F2D-4AB3-8BC8-D62216AE4C53}.Debug|Any CPU.Build.0 = Debug|Any CPU
		{5C5C7A2D-0F2D-4AB3-8BC8-D62216AE4C53}.Release|Any CPU.ActiveCfg = Release|Any CPU
		{5C5C7A2D-0F2D-4AB3-8BC8-D62216AE4C53}.Release|Any CPU.Build.0 = Release|Any CPU
	EndGlobalSection
	GlobalSection(SolutionProperties) = preSolution
		HideSolutionNode = FALSE
	EndGlobalSection
	GlobalSection(ExtensibilityGlobals) = postSolution
		SolutionGuid = {5C5A1E7D-7487-459F-8F88-E828503A9491}
	EndGlobalSection
EndGlobal
